
Microsoft Visual Studio Solution File, Format Version 12.00
# Visual Studio 15
VisualStudioVersion = 15.0.28010.2019
MinimumVisualStudioVersion = 10.0.40219.1
Project("{FAE04EC0-301F-11D3-BF4B-00C04F79EFBC}") = "AllTesting", "AllTesting\AllTesting.csproj", "{3B95C9D4-769E-4187-AC92-E8C1B342D9FB}"
EndProject
Project("{FAE04EC0-301F-11D3-BF4B-00C04F79EFBC}") = "AirTravel", "AirTravel\AirTravel.csproj", "{B9EB783B-920C-478B-8845-844A0855BF07}"
EndProject
Project("{FAE04EC0-301F-11D3-BF4B-00C04F79EFBC}") = "HousePurchase", "HousePurchase\HousePurchase.csproj", "{D7663D93-E22B-4115-A8A0-70A72120D28B}"
EndProject
Global
	GlobalSection(SolutionConfigurationPlatforms) = preSolution
		Debug|Any CPU = Debug|Any CPU
		Release|Any CPU = Release|Any CPU
	EndGlobalSection
	GlobalSection(ProjectConfigurationPlatforms) = postSolution
		{3B95C9D4-769E-4187-AC92-E8C1B342D9FB}.Debug|Any CPU.ActiveCfg = Debug|Any CPU
		{3B95C9D4-769E-4187-AC92-E8C1B342D9FB}.Debug|Any CPU.Build.0 = Debug|Any CPU
		{3B95C9D4-769E-4187-AC92-E8C1B342D9FB}.Release|Any CPU.ActiveCfg = Release|Any CPU
		{3B95C9D4-769E-4187-AC92-E8C1B342D9FB}.Release|Any CPU.Build.0 = Release|Any CPU
		{B9EB783B-920C-478B-8845-844A0855BF07}.Debug|Any CPU.ActiveCfg = Debug|Any CPU
		{B9EB783B-920C-478B-8845-844A0855BF07}.Debug|Any CPU.Build.0 = Debug|Any CPU
		{B9EB783B-920C-478B-8845-844A0855BF07}.Release|Any CPU.ActiveCfg = Release|Any CPU
		{B9EB783B-920C-478B-8845-844A0855BF07}.Release|Any CPU.Build.0 = Release|Any CPU
		{D7663D93-E22B-4115-A8A0-70A72120D28B}.Debug|Any CPU.ActiveCfg = Debug|Any CPU
		{D7663D93-E22B-4115-A8A0-70A72120D28B}.Debug|Any CPU.Build.0 = Debug|Any CPU
		{D7663D93-E22B-4115-A8A0-70A72120D28B}.Release|Any CPU.ActiveCfg = Release|Any CPU
		{D7663D93-E22B-4115-A8A0-70A72120D28B}.Release|Any CPU.Build.0 = Release|Any CPU
	EndGlobalSection
	GlobalSection(SolutionProperties) = preSolution
		HideSolutionNode = FALSE
	EndGlobalSection
	GlobalSection(ExtensibilityGlobals) = postSolution
		SolutionGuid = {9C6634D8-DF04-407F-8224-4985AA7E74F4}
	EndGlobalSection
EndGlobal
