
Microsoft Visual Studio Solution File, Format Version 12.00
# Visual Studio 15
VisualStudioVersion = 15.0.27703.2026
MinimumVisualStudioVersion = 10.0.40219.1
Project("{FAE04EC0-301F-11D3-BF4B-00C04F79EFBC}") = "IocDemo", "IocDemo\IocDemo.csproj", "{29C0D55F-BAF9-422B-9B4B-EC40A558C500}"
EndProject
Global
	GlobalSection(SolutionConfigurationPlatforms) = preSolution
		Debug|Any CPU = Debug|Any CPU
		Release|Any CPU = Release|Any CPU
	EndGlobalSection
	GlobalSection(ProjectConfigurationPlatforms) = postSolution
		{29C0D55F-BAF9-422B-9B4B-EC40A558C500}.Debug|Any CPU.ActiveCfg = Debug|Any CPU
		{29C0D55F-BAF9-422B-9B4B-EC40A558C500}.Debug|Any CPU.Build.0 = Debug|Any CPU
		{29C0D55F-BAF9-422B-9B4B-EC40A558C500}.Release|Any CPU.ActiveCfg = Release|Any CPU
		{29C0D55F-BAF9-422B-9B4B-EC40A558C500}.Release|Any CPU.Build.0 = Release|Any CPU
	EndGlobalSection
	GlobalSection(SolutionProperties) = preSolution
		HideSolutionNode = FALSE
	EndGlobalSection
	GlobalSection(ExtensibilityGlobals) = postSolution
		SolutionGuid = {09FA157A-5ADC-4A85-9E08-FA8F2C928C45}
	EndGlobalSection
EndGlobal
