
Microsoft Visual Studio Solution File, Format Version 12.00
# Visual Studio 15
VisualStudioVersion = 15.0.27130.0
MinimumVisualStudioVersion = 10.0.40219.1
Project("{FAE04EC0-301F-11D3-BF4B-00C04F79EFBC}") = "Messaging", "Messaging\Messaging.csproj", "{F63F0900-8638-473A-85B3-C97E30132FF0}"
EndProject
Global
	GlobalSection(SolutionConfigurationPlatforms) = preSolution
		Debug|Any CPU = Debug|Any CPU
		Release|Any CPU = Release|Any CPU
	EndGlobalSection
	GlobalSection(ProjectConfigurationPlatforms) = postSolution
		{F63F0900-8638-473A-85B3-C97E30132FF0}.Debug|Any CPU.ActiveCfg = Debug|Any CPU
		{F63F0900-8638-473A-85B3-C97E30132FF0}.Debug|Any CPU.Build.0 = Debug|Any CPU
		{F63F0900-8638-473A-85B3-C97E30132FF0}.Release|Any CPU.ActiveCfg = Release|Any CPU
		{F63F0900-8638-473A-85B3-C97E30132FF0}.Release|Any CPU.Build.0 = Release|Any CPU
	EndGlobalSection
	GlobalSection(SolutionProperties) = preSolution
		HideSolutionNode = FALSE
	EndGlobalSection
	GlobalSection(ExtensibilityGlobals) = postSolution
		SolutionGuid = {9850BE1E-60BD-4B2F-BF95-A85F841422BB}
	EndGlobalSection
EndGlobal
