
Microsoft Visual Studio Solution File, Format Version 12.00
# Visual Studio 15
VisualStudioVersion = 15.0.27130.0
MinimumVisualStudioVersion = 10.0.40219.1
Project("{FAE04EC0-301F-11D3-BF4B-00C04F79EFBC}") = "MessagingWithRouting", "MessagingWithRouting\MessagingWithRouting.csproj", "{22E213D5-365C-4E56-9E74-41151CD970DE}"
EndProject
Project("{FAE04EC0-301F-11D3-BF4B-00C04F79EFBC}") = "MessageSend", "MessageSend\MessageSend.csproj", "{C9377471-74E0-4E6A-A0C4-E974F6AB1386}"
EndProject
Project("{FAE04EC0-301F-11D3-BF4B-00C04F79EFBC}") = "MessageReceive", "MessageReceive\MessageReceive.csproj", "{43433948-D1B3-4C5D-9D72-FAF8182EF713}"
EndProject
Global
	GlobalSection(SolutionConfigurationPlatforms) = preSolution
		Debug|Any CPU = Debug|Any CPU
		Release|Any CPU = Release|Any CPU
	EndGlobalSection
	GlobalSection(ProjectConfigurationPlatforms) = postSolution
		{22E213D5-365C-4E56-9E74-41151CD970DE}.Debug|Any CPU.ActiveCfg = Debug|Any CPU
		{22E213D5-365C-4E56-9E74-41151CD970DE}.Debug|Any CPU.Build.0 = Debug|Any CPU
		{22E213D5-365C-4E56-9E74-41151CD970DE}.Release|Any CPU.ActiveCfg = Release|Any CPU
		{22E213D5-365C-4E56-9E74-41151CD970DE}.Release|Any CPU.Build.0 = Release|Any CPU
		{C9377471-74E0-4E6A-A0C4-E974F6AB1386}.Debug|Any CPU.ActiveCfg = Debug|Any CPU
		{C9377471-74E0-4E6A-A0C4-E974F6AB1386}.Debug|Any CPU.Build.0 = Debug|Any CPU
		{C9377471-74E0-4E6A-A0C4-E974F6AB1386}.Release|Any CPU.ActiveCfg = Release|Any CPU
		{C9377471-74E0-4E6A-A0C4-E974F6AB1386}.Release|Any CPU.Build.0 = Release|Any CPU
		{43433948-D1B3-4C5D-9D72-FAF8182EF713}.Debug|Any CPU.ActiveCfg = Debug|Any CPU
		{43433948-D1B3-4C5D-9D72-FAF8182EF713}.Debug|Any CPU.Build.0 = Debug|Any CPU
		{43433948-D1B3-4C5D-9D72-FAF8182EF713}.Release|Any CPU.ActiveCfg = Release|Any CPU
		{43433948-D1B3-4C5D-9D72-FAF8182EF713}.Release|Any CPU.Build.0 = Release|Any CPU
	EndGlobalSection
	GlobalSection(SolutionProperties) = preSolution
		HideSolutionNode = FALSE
	EndGlobalSection
	GlobalSection(ExtensibilityGlobals) = postSolution
		SolutionGuid = {8F24BD4C-6B8B-458A-B51D-B37A5995D47E}
	EndGlobalSection
EndGlobal
