
Microsoft Visual Studio Solution File, Format Version 12.00
# Visual Studio 15
VisualStudioVersion = 15.0.28010.2019
MinimumVisualStudioVersion = 10.0.40219.1
Project("{FAE04EC0-301F-11D3-BF4B-00C04F79EFBC}") = "AllAboutTesting", "AllAboutTesting\AllAboutTesting.csproj", "{861F0EA5-1B58-4484-B9CD-8BF949397013}"
EndProject
Global
	GlobalSection(SolutionConfigurationPlatforms) = preSolution
		Debug|Any CPU = Debug|Any CPU
		Release|Any CPU = Release|Any CPU
	EndGlobalSection
	GlobalSection(ProjectConfigurationPlatforms) = postSolution
		{861F0EA5-1B58-4484-B9CD-8BF949397013}.Debug|Any CPU.ActiveCfg = Debug|Any CPU
		{861F0EA5-1B58-4484-B9CD-8BF949397013}.Debug|Any CPU.Build.0 = Debug|Any CPU
		{861F0EA5-1B58-4484-B9CD-8BF949397013}.Release|Any CPU.ActiveCfg = Release|Any CPU
		{861F0EA5-1B58-4484-B9CD-8BF949397013}.Release|Any CPU.Build.0 = Release|Any CPU
	EndGlobalSection
	GlobalSection(SolutionProperties) = preSolution
		HideSolutionNode = FALSE
	EndGlobalSection
	GlobalSection(ExtensibilityGlobals) = postSolution
		SolutionGuid = {679C665A-5DF4-4BE2-B778-16444CE51E43}
	EndGlobalSection
EndGlobal
