
Microsoft Visual Studio Solution File, Format Version 12.00
# Visual Studio 15
VisualStudioVersion = 15.0.27703.2026
MinimumVisualStudioVersion = 10.0.40219.1
Project("{FAE04EC0-301F-11D3-BF4B-00C04F79EFBC}") = "IocDemo2", "IocDemo2\IocDemo2.csproj", "{FDCC10FA-2B44-492E-9AE6-9D4CDBE46BAC}"
EndProject
Global
	GlobalSection(SolutionConfigurationPlatforms) = preSolution
		Debug|Any CPU = Debug|Any CPU
		Release|Any CPU = Release|Any CPU
	EndGlobalSection
	GlobalSection(ProjectConfigurationPlatforms) = postSolution
		{FDCC10FA-2B44-492E-9AE6-9D4CDBE46BAC}.Debug|Any CPU.ActiveCfg = Debug|Any CPU
		{FDCC10FA-2B44-492E-9AE6-9D4CDBE46BAC}.Debug|Any CPU.Build.0 = Debug|Any CPU
		{FDCC10FA-2B44-492E-9AE6-9D4CDBE46BAC}.Release|Any CPU.ActiveCfg = Release|Any CPU
		{FDCC10FA-2B44-492E-9AE6-9D4CDBE46BAC}.Release|Any CPU.Build.0 = Release|Any CPU
	EndGlobalSection
	GlobalSection(SolutionProperties) = preSolution
		HideSolutionNode = FALSE
	EndGlobalSection
	GlobalSection(ExtensibilityGlobals) = postSolution
		SolutionGuid = {F5039D0F-8254-47AB-ACA2-DC72BD7986A7}
	EndGlobalSection
EndGlobal
